
Microsoft Visual Studio Solution File, Format Version 12.00
# Visual Studio Version 17
VisualStudioVersion = 17.5.33414.496
MinimumVisualStudioVersion = 10.0.40219.1
Project("{FAE04EC0-301F-11D3-BF4B-00C04F79EFBC}") = "DataAccess.External.CSV", "DataAccess.External.CSV\DataAccess.External.CSV.csproj", "{9C4109DA-A8D9-428C-92BA-172F2F4C9AE7}"
EndProject
Global
	GlobalSection(SolutionConfigurationPlatforms) = preSolution
		Debug|Any CPU = Debug|Any CPU
		Release|Any CPU = Release|Any CPU
	EndGlobalSection
	GlobalSection(ProjectConfigurationPlatforms) = postSolution
		{9C4109DA-A8D9-428C-92BA-172F2F4C9AE7}.Debug|Any CPU.ActiveCfg = Debug|Any CPU
		{9C4109DA-A8D9-428C-92BA-172F2F4C9AE7}.Debug|Any CPU.Build.0 = Debug|Any CPU
		{9C4109DA-A8D9-428C-92BA-172F2F4C9AE7}.Release|Any CPU.ActiveCfg = Release|Any CPU
		{9C4109DA-A8D9-428C-92BA-172F2F4C9AE7}.Release|Any CPU.Build.0 = Release|Any CPU
	EndGlobalSection
	GlobalSection(SolutionProperties) = preSolution
		HideSolutionNode = FALSE
	EndGlobalSection
	GlobalSection(ExtensibilityGlobals) = postSolution
		SolutionGuid = {DAEC7498-FA36-44B2-B30D-E69D381844AD}
	EndGlobalSection
EndGlobal
